
Microsoft Visual Studio Solution File, Format Version 12.00
# Visual Studio Version 17
VisualStudioVersion = 17.4.33103.184
MinimumVisualStudioVersion = 10.0.40219.1
Project("{FAE04EC0-301F-11D3-BF4B-00C04F79EFBC}") = "RoutingServer", "RoutingServer\RoutingServer.csproj", "{FEC3D8B1-917C-48DA-8B7E-8E42A6163598}"
EndProject
Project("{FAE04EC0-301F-11D3-BF4B-00C04F79EFBC}") = "ProxyCache", "ProxyCache\ProxyCache.csproj", "{9C2C5271-6217-476B-82AF-37464178C98B}"
EndProject
Global
	GlobalSection(SolutionConfigurationPlatforms) = preSolution
		Debug|Any CPU = Debug|Any CPU
		Release|Any CPU = Release|Any CPU
	EndGlobalSection
	GlobalSection(ProjectConfigurationPlatforms) = postSolution
		{FEC3D8B1-917C-48DA-8B7E-8E42A6163598}.Debug|Any CPU.ActiveCfg = Debug|Any CPU
		{FEC3D8B1-917C-48DA-8B7E-8E42A6163598}.Debug|Any CPU.Build.0 = Debug|Any CPU
		{FEC3D8B1-917C-48DA-8B7E-8E42A6163598}.Release|Any CPU.ActiveCfg = Release|Any CPU
		{FEC3D8B1-917C-48DA-8B7E-8E42A6163598}.Release|Any CPU.Build.0 = Release|Any CPU
		{9C2C5271-6217-476B-82AF-37464178C98B}.Debug|Any CPU.ActiveCfg = Debug|Any CPU
		{9C2C5271-6217-476B-82AF-37464178C98B}.Debug|Any CPU.Build.0 = Debug|Any CPU
		{9C2C5271-6217-476B-82AF-37464178C98B}.Release|Any CPU.ActiveCfg = Release|Any CPU
		{9C2C5271-6217-476B-82AF-37464178C98B}.Release|Any CPU.Build.0 = Release|Any CPU
	EndGlobalSection
	GlobalSection(SolutionProperties) = preSolution
		HideSolutionNode = FALSE
	EndGlobalSection
	GlobalSection(ExtensibilityGlobals) = postSolution
		SolutionGuid = {06EEBA44-9CAF-4CB5-A36D-2AA586D02190}
	EndGlobalSection
EndGlobal
